
Microsoft Visual Studio Solution File, Format Version 12.00
# Visual Studio Version 17
VisualStudioVersion = 17.1.32104.313
MinimumVisualStudioVersion = 10.0.40219.1
Project("{9A19103F-16F7-4668-BE54-9A1E7A4F7556}") = "Building.OwnersAPI", "Building.OwnersAPI\Building.OwnersAPI.csproj", "{8696803E-AC59-4B76-B9BF-E4F05B92B7BA}"
EndProject
Project("{9A19103F-16F7-4668-BE54-9A1E7A4F7556}") = "Building.PropertyAPI", "Building.PropertyAPI\Building.PropertyAPI.csproj", "{3015AADF-72AF-4698-B42E-DB7103BD08AC}"
EndProject
Project("{9A19103F-16F7-4668-BE54-9A1E7A4F7556}") = "Building.IdentityServer", "Building.IdentityServer\Building.IdentityServer.csproj", "{B355747B-67F8-47AB-B037-3E418E555CCC}"
EndProject
Project("{9A19103F-16F7-4668-BE54-9A1E7A4F7556}") = "Building.Gateway", "Building.Gateway\Building.Gateway.csproj", "{4EA0DC0B-CBA3-462E-82E6-E86500FF71C4}"
EndProject
Project("{9A19103F-16F7-4668-BE54-9A1E7A4F7556}") = "Bulding.Tests", "Bulding.Tests\Bulding.Tests.csproj", "{D5652CAC-2745-490D-8CA8-23A66FC9E664}"
EndProject
Project("{2150E333-8FDC-42A3-9474-1A3956D46DE8}") = "Readme", "Readme", "{2602CA99-8B4F-4D5A-8218-B78A9B2EB3F5}"
	ProjectSection(SolutionItems) = preProject
		C:\Users\kroda\Documents\Prueba Carlos Gutierrez.pdf = C:\Users\kroda\Documents\Prueba Carlos Gutierrez.pdf
	EndProjectSection
EndProject
Global
	GlobalSection(SolutionConfigurationPlatforms) = preSolution
		Debug|Any CPU = Debug|Any CPU
		Release|Any CPU = Release|Any CPU
	EndGlobalSection
	GlobalSection(ProjectConfigurationPlatforms) = postSolution
		{8696803E-AC59-4B76-B9BF-E4F05B92B7BA}.Debug|Any CPU.ActiveCfg = Debug|Any CPU
		{8696803E-AC59-4B76-B9BF-E4F05B92B7BA}.Debug|Any CPU.Build.0 = Debug|Any CPU
		{8696803E-AC59-4B76-B9BF-E4F05B92B7BA}.Release|Any CPU.ActiveCfg = Release|Any CPU
		{8696803E-AC59-4B76-B9BF-E4F05B92B7BA}.Release|Any CPU.Build.0 = Release|Any CPU
		{3015AADF-72AF-4698-B42E-DB7103BD08AC}.Debug|Any CPU.ActiveCfg = Debug|Any CPU
		{3015AADF-72AF-4698-B42E-DB7103BD08AC}.Debug|Any CPU.Build.0 = Debug|Any CPU
		{3015AADF-72AF-4698-B42E-DB7103BD08AC}.Release|Any CPU.ActiveCfg = Release|Any CPU
		{3015AADF-72AF-4698-B42E-DB7103BD08AC}.Release|Any CPU.Build.0 = Release|Any CPU
		{B355747B-67F8-47AB-B037-3E418E555CCC}.Debug|Any CPU.ActiveCfg = Debug|Any CPU
		{B355747B-67F8-47AB-B037-3E418E555CCC}.Debug|Any CPU.Build.0 = Debug|Any CPU
		{B355747B-67F8-47AB-B037-3E418E555CCC}.Release|Any CPU.ActiveCfg = Release|Any CPU
		{B355747B-67F8-47AB-B037-3E418E555CCC}.Release|Any CPU.Build.0 = Release|Any CPU
		{4EA0DC0B-CBA3-462E-82E6-E86500FF71C4}.Debug|Any CPU.ActiveCfg = Debug|Any CPU
		{4EA0DC0B-CBA3-462E-82E6-E86500FF71C4}.Debug|Any CPU.Build.0 = Debug|Any CPU
		{4EA0DC0B-CBA3-462E-82E6-E86500FF71C4}.Release|Any CPU.ActiveCfg = Release|Any CPU
		{4EA0DC0B-CBA3-462E-82E6-E86500FF71C4}.Release|Any CPU.Build.0 = Release|Any CPU
		{D5652CAC-2745-490D-8CA8-23A66FC9E664}.Debug|Any CPU.ActiveCfg = Debug|Any CPU
		{D5652CAC-2745-490D-8CA8-23A66FC9E664}.Debug|Any CPU.Build.0 = Debug|Any CPU
		{D5652CAC-2745-490D-8CA8-23A66FC9E664}.Release|Any CPU.ActiveCfg = Release|Any CPU
		{D5652CAC-2745-490D-8CA8-23A66FC9E664}.Release|Any CPU.Build.0 = Release|Any CPU
	EndGlobalSection
	GlobalSection(SolutionProperties) = preSolution
		HideSolutionNode = FALSE
	EndGlobalSection
	GlobalSection(ExtensibilityGlobals) = postSolution
		SolutionGuid = {4D12BB7C-F791-4F88-9916-13F79960E798}
	EndGlobalSection
EndGlobal
